// !$*UTF8*$!
{
	archiveVersion = 1;
	classes = {
	};
	objectVersion = 46;
	objects = {

/* Begin PBXBuildFile section */
		1338A2DA15B792C800663E28 /* CoreVideo.framework in Frameworks */ = {isa = PBXBuildFile; fileRef = 1338A2D915B792C800663E28 /* CoreVideo.framework */; };
		13C8BE191602854300403815 /* GSNeighborhood.m in Sources */ = {isa = PBXBuildFile; fileRef = 13C8BE171602854300403815 /* GSNeighborhood.m */; };
		13C8BE1D16038DC000403815 /* GSActiveRegion.m in Sources */ = {isa = PBXBuildFile; fileRef = 13C8BE1C16038DC000403815 /* GSActiveRegion.m */; };
		4A2310C0153E10F100A4EBE6 /* GSChunkVoxelData.m in Sources */ = {isa = PBXBuildFile; fileRef = 4A2310BF153E10F100A4EBE6 /* GSChunkVoxelData.m */; };
		4A2310C4153E110400A4EBE6 /* GSChunkGeometryData.m in Sources */ = {isa = PBXBuildFile; fileRef = 4A2310C3153E110400A4EBE6 /* GSChunkGeometryData.m */; };
		4A2310C7153E112900A4EBE6 /* GSChunkData.m in Sources */ = {isa = PBXBuildFile; fileRef = 4A2310C6153E112900A4EBE6 /* GSChunkData.m */; };
		4A2CCFF71513C3FC006C6551 /* Cocoa.framework in Frameworks */ = {isa = PBXBuildFile; fileRef = 4A2CCFF61513C3FC006C6551 /* Cocoa.framework */; };
		4A2CD0011513C3FC006C6551 /* InfoPlist.strings in Resources */ = {isa = PBXBuildFile; fileRef = 4A2CCFFF1513C3FC006C6551 /* InfoPlist.strings */; };
		4A2CD0031513C3FC006C6551 /* main.m in Sources */ = {isa = PBXBuildFile; fileRef = 4A2CD0021513C3FC006C6551 /* main.m */; };
		4A2CD0071513C3FC006C6551 /* Credits.rtf in Resources */ = {isa = PBXBuildFile; fileRef = 4A2CD0051513C3FC006C6551 /* Credits.rtf */; };
		4A2CD00A1513C3FC006C6551 /* GSAppDelegate.m in Sources */ = {isa = PBXBuildFile; fileRef = 4A2CD0091513C3FC006C6551 /* GSAppDelegate.m */; };
		4A2CD00D1513C3FD006C6551 /* MainMenu.xib in Resources */ = {isa = PBXBuildFile; fileRef = 4A2CD00B1513C3FD006C6551 /* MainMenu.xib */; };
		4A4E20771516B086008745E0 /* GLKVector3Extra.c in Sources */ = {isa = PBXBuildFile; fileRef = 4A4E20761516B086008745E0 /* GLKVector3Extra.c */; };
		4A95D39F154645920042C081 /* GSReaderWriterLock.m in Sources */ = {isa = PBXBuildFile; fileRef = 4A95D39E154645920042C081 /* GSReaderWriterLock.m */; };
		4A99BE2B1528244800F2ECDC /* GSRenderTexture.m in Sources */ = {isa = PBXBuildFile; fileRef = 4A99BE2A1528244800F2ECDC /* GSRenderTexture.m */; };
		4A9A3BA61517200E00607B1A /* GSCamera.m in Sources */ = {isa = PBXBuildFile; fileRef = 4A9A3BA51517200E00607B1A /* GSCamera.m */; };
		4A9A3BAD1517252E00607B1A /* GLString.m in Sources */ = {isa = PBXBuildFile; fileRef = 4A9A3BAC1517252E00607B1A /* GLString.m */; };
		4A9EC91A15282ADA009C80FF /* GSAABB.m in Sources */ = {isa = PBXBuildFile; fileRef = 4A9EC91915282ADA009C80FF /* GSAABB.m */; };
		4AC7C9F91559E00000806635 /* GSCube.m in Sources */ = {isa = PBXBuildFile; fileRef = 4AC7C9F81559E00000806635 /* GSCube.m */; };
		4ACB9C2A1527CF50005D50B8 /* GSRay.c in Sources */ = {isa = PBXBuildFile; fileRef = 4ACB9C291527CF50005D50B8 /* GSRay.c */; };
		4AD9531915142AA000C2AF8E /* OpenGL.framework in Frameworks */ = {isa = PBXBuildFile; fileRef = 4AD9531815142AA000C2AF8E /* OpenGL.framework */; };
		4AD9531D15142B1800C2AF8E /* GSOpenGLView.m in Sources */ = {isa = PBXBuildFile; fileRef = 4AD9531C15142B1800C2AF8E /* GSOpenGLView.m */; };
		4AE4E552153B982100FC3047 /* GSVertex.m in Sources */ = {isa = PBXBuildFile; fileRef = 4AE4E551153B982100FC3047 /* GSVertex.m */; };
		AC154885152C04EF00434374 /* GSBoxedVector.m in Sources */ = {isa = PBXBuildFile; fileRef = AC154884152C04EF00434374 /* GSBoxedVector.m */; };
		AC202CC1151E437C00D91067 /* GSFrustum.m in Sources */ = {isa = PBXBuildFile; fileRef = AC202CC0151E437C00D91067 /* GSFrustum.m */; };
		AC202CC5151E453E00D91067 /* GSPlane.c in Sources */ = {isa = PBXBuildFile; fileRef = AC202CC4151E453E00D91067 /* GSPlane.c */; };
		AC3767A2163DFB4000BAE03F /* GutsyStormErrorCodes.m in Sources */ = {isa = PBXBuildFile; fileRef = AC3767A1163DFB4000BAE03F /* GutsyStormErrorCodes.m */; };
		AC3767A6163DFD4200BAE03F /* GSTerrain.m in Sources */ = {isa = PBXBuildFile; fileRef = AC3767A5163DFD4200BAE03F /* GSTerrain.m */; };
		AC3767AA163E053400BAE03F /* GSTerrainCursor.m in Sources */ = {isa = PBXBuildFile; fileRef = AC3767A9163E053400BAE03F /* GSTerrainCursor.m */; };
		AC3EF787161030DE00323C25 /* GSGrid.m in Sources */ = {isa = PBXBuildFile; fileRef = AC3EF786161030DD00323C25 /* GSGrid.m */; };
		AC5B2800151DC7BB0045B6E4 /* GSNoise.m in Sources */ = {isa = PBXBuildFile; fileRef = AC5B27FF151DC7BA0045B6E4 /* GSNoise.m */; };
		AC5B2804151E2C1D0045B6E4 /* GSChunkStore.m in Sources */ = {isa = PBXBuildFile; fileRef = AC5B2803151E2C1D0045B6E4 /* GSChunkStore.m */; };
		AC96B179168CF2A500FF7FFC /* GSBlockMeshCube.m in Sources */ = {isa = PBXBuildFile; fileRef = AC96B178168CF2A500FF7FFC /* GSBlockMeshCube.m */; };
		AC96B17D168CF73800FF7FFC /* GSBlockMeshEmpty.m in Sources */ = {isa = PBXBuildFile; fileRef = AC96B17C168CF73800FF7FFC /* GSBlockMeshEmpty.m */; };
		AC9CCD701519A90E0081964D /* GSShader.m in Sources */ = {isa = PBXBuildFile; fileRef = AC9CCD6F1519A90E0081964D /* GSShader.m */; };
		AC9CCD741519B8AA0081964D /* shader.frag.txt in Resources */ = {isa = PBXBuildFile; fileRef = AC9CCD721519B8AA0081964D /* shader.frag.txt */; };
		AC9CCD751519B8AA0081964D /* shader.vert.txt in Resources */ = {isa = PBXBuildFile; fileRef = AC9CCD731519B8AA0081964D /* shader.vert.txt */; };
		ACA913FE1609949800D14625 /* GSLightingBuffer.m in Sources */ = {isa = PBXBuildFile; fileRef = ACA913FD1609949800D14625 /* GSLightingBuffer.m */; };
		ACE787661686E90E00FBC792 /* GLKit.framework in Frameworks */ = {isa = PBXBuildFile; fileRef = ACE787651686E90E00FBC792 /* GLKit.framework */; };
		ACE99D70151FE922006055F6 /* snoise3.c in Sources */ = {isa = PBXBuildFile; fileRef = ACE99D6F151FE922006055F6 /* snoise3.c */; };
		ACF27B00151AE27E009FCAB9 /* GSTextureArray.m in Sources */ = {isa = PBXBuildFile; fileRef = ACF27AFF151AE27E009FCAB9 /* GSTextureArray.m */; };
		ACF27B03151AE486009FCAB9 /* terrain.png in Resources */ = {isa = PBXBuildFile; fileRef = ACF27B02151AE486009FCAB9 /* terrain.png */; };
/* End PBXBuildFile section */

/* Begin PBXFileReference section */
		1338A2D915B792C800663E28 /* CoreVideo.framework */ = {isa = PBXFileReference; lastKnownFileType = wrapper.framework; name = CoreVideo.framework; path = ../../../../System/Library/Frameworks/CoreVideo.framework; sourceTree = "<group>"; };
		13C8BE161602854300403815 /* GSNeighborhood.h */ = {isa = PBXFileReference; fileEncoding = 4; lastKnownFileType = sourcecode.c.h; path = GSNeighborhood.h; sourceTree = "<group>"; };
		13C8BE171602854300403815 /* GSNeighborhood.m */ = {isa = PBXFileReference; fileEncoding = 4; lastKnownFileType = sourcecode.c.objc; path = GSNeighborhood.m; sourceTree = "<group>"; };
		13C8BE181602854300403815 /* Voxel.h */ = {isa = PBXFileReference; fileEncoding = 4; lastKnownFileType = sourcecode.c.h; path = Voxel.h; sourceTree = "<group>"; };
		13C8BE1B16038DC000403815 /* GSActiveRegion.h */ = {isa = PBXFileReference; fileEncoding = 4; lastKnownFileType = sourcecode.c.h; path = GSActiveRegion.h; sourceTree = "<group>"; };
		13C8BE1C16038DC000403815 /* GSActiveRegion.m */ = {isa = PBXFileReference; fileEncoding = 4; lastKnownFileType = sourcecode.c.objc; path = GSActiveRegion.m; sourceTree = "<group>"; };
		4A1F6E51153F6F6100D194AE /* GSIntegerVector3.h */ = {isa = PBXFileReference; fileEncoding = 4; lastKnownFileType = sourcecode.c.h; path = GSIntegerVector3.h; sourceTree = "<group>"; };
		4A2310BE153E10F100A4EBE6 /* GSChunkVoxelData.h */ = {isa = PBXFileReference; fileEncoding = 4; lastKnownFileType = sourcecode.c.h; path = GSChunkVoxelData.h; sourceTree = "<group>"; };
		4A2310BF153E10F100A4EBE6 /* GSChunkVoxelData.m */ = {isa = PBXFileReference; fileEncoding = 4; lastKnownFileType = sourcecode.c.objc; path = GSChunkVoxelData.m; sourceTree = "<group>"; };
		4A2310C2153E110400A4EBE6 /* GSChunkGeometryData.h */ = {isa = PBXFileReference; fileEncoding = 4; lastKnownFileType = sourcecode.c.h; path = GSChunkGeometryData.h; sourceTree = "<group>"; };
		4A2310C3153E110400A4EBE6 /* GSChunkGeometryData.m */ = {isa = PBXFileReference; fileEncoding = 4; lastKnownFileType = sourcecode.c.objc; path = GSChunkGeometryData.m; sourceTree = "<group>"; };
		4A2310C5153E112900A4EBE6 /* GSChunkData.h */ = {isa = PBXFileReference; fileEncoding = 4; lastKnownFileType = sourcecode.c.h; path = GSChunkData.h; sourceTree = "<group>"; };
		4A2310C6153E112900A4EBE6 /* GSChunkData.m */ = {isa = PBXFileReference; fileEncoding = 4; lastKnownFileType = sourcecode.c.objc; path = GSChunkData.m; sourceTree = "<group>"; };
		4A2CCFF21513C3FC006C6551 /* GutsyStorm.app */ = {isa = PBXFileReference; explicitFileType = wrapper.application; includeInIndex = 0; path = GutsyStorm.app; sourceTree = BUILT_PRODUCTS_DIR; };
		4A2CCFF61513C3FC006C6551 /* Cocoa.framework */ = {isa = PBXFileReference; lastKnownFileType = wrapper.framework; name = Cocoa.framework; path = System/Library/Frameworks/Cocoa.framework; sourceTree = SDKROOT; };
		4A2CCFF91513C3FC006C6551 /* AppKit.framework */ = {isa = PBXFileReference; lastKnownFileType = wrapper.framework; name = AppKit.framework; path = System/Library/Frameworks/AppKit.framework; sourceTree = SDKROOT; };
		4A2CCFFA1513C3FC006C6551 /* CoreData.framework */ = {isa = PBXFileReference; lastKnownFileType = wrapper.framework; name = CoreData.framework; path = System/Library/Frameworks/CoreData.framework; sourceTree = SDKROOT; };
		4A2CCFFB1513C3FC006C6551 /* Foundation.framework */ = {isa = PBXFileReference; lastKnownFileType = wrapper.framework; name = Foundation.framework; path = System/Library/Frameworks/Foundation.framework; sourceTree = SDKROOT; };
		4A2CCFFE1513C3FC006C6551 /* GutsyStorm-Info.plist */ = {isa = PBXFileReference; lastKnownFileType = text.plist.xml; path = "GutsyStorm-Info.plist"; sourceTree = "<group>"; };
		4A2CD0001513C3FC006C6551 /* en */ = {isa = PBXFileReference; lastKnownFileType = text.plist.strings; name = en; path = en.lproj/InfoPlist.strings; sourceTree = "<group>"; };
		4A2CD0021513C3FC006C6551 /* main.m */ = {isa = PBXFileReference; lastKnownFileType = sourcecode.c.objc; path = main.m; sourceTree = "<group>"; };
		4A2CD0041513C3FC006C6551 /* GutsyStorm-Prefix.pch */ = {isa = PBXFileReference; lastKnownFileType = sourcecode.c.h; path = "GutsyStorm-Prefix.pch"; sourceTree = "<group>"; };
		4A2CD0061513C3FC006C6551 /* en */ = {isa = PBXFileReference; lastKnownFileType = text.rtf; name = en; path = en.lproj/Credits.rtf; sourceTree = "<group>"; };
		4A2CD0081513C3FC006C6551 /* GSAppDelegate.h */ = {isa = PBXFileReference; lastKnownFileType = sourcecode.c.h; path = GSAppDelegate.h; sourceTree = "<group>"; };
		4A2CD0091513C3FC006C6551 /* GSAppDelegate.m */ = {isa = PBXFileReference; lastKnownFileType = sourcecode.c.objc; path = GSAppDelegate.m; sourceTree = "<group>"; };
		4A2CD00C1513C3FD006C6551 /* en */ = {isa = PBXFileReference; lastKnownFileType = file.xib; name = en; path = en.lproj/MainMenu.xib; sourceTree = "<group>"; };
		4A4E20751516B07E008745E0 /* GLKVector3Extra.h */ = {isa = PBXFileReference; fileEncoding = 4; lastKnownFileType = sourcecode.c.h; path = GLKVector3Extra.h; sourceTree = "<group>"; };
		4A4E20761516B086008745E0 /* GLKVector3Extra.c */ = {isa = PBXFileReference; fileEncoding = 4; lastKnownFileType = sourcecode.c.c; path = GLKVector3Extra.c; sourceTree = "<group>"; };
		4A95D39D154645920042C081 /* GSReaderWriterLock.h */ = {isa = PBXFileReference; fileEncoding = 4; lastKnownFileType = sourcecode.c.h; path = GSReaderWriterLock.h; sourceTree = "<group>"; };
		4A95D39E154645920042C081 /* GSReaderWriterLock.m */ = {isa = PBXFileReference; fileEncoding = 4; lastKnownFileType = sourcecode.c.objc; path = GSReaderWriterLock.m; sourceTree = "<group>"; };
		4A99BE291528244800F2ECDC /* GSRenderTexture.h */ = {isa = PBXFileReference; fileEncoding = 4; lastKnownFileType = sourcecode.c.h; path = GSRenderTexture.h; sourceTree = "<group>"; };
		4A99BE2A1528244800F2ECDC /* GSRenderTexture.m */ = {isa = PBXFileReference; fileEncoding = 4; lastKnownFileType = sourcecode.c.objc; path = GSRenderTexture.m; sourceTree = "<group>"; };
		4A9A3BA41517200E00607B1A /* GSCamera.h */ = {isa = PBXFileReference; fileEncoding = 4; lastKnownFileType = sourcecode.c.h; path = GSCamera.h; sourceTree = "<group>"; };
		4A9A3BA51517200E00607B1A /* GSCamera.m */ = {isa = PBXFileReference; fileEncoding = 4; lastKnownFileType = sourcecode.c.objc; path = GSCamera.m; sourceTree = "<group>"; };
		4A9A3BAB1517252E00607B1A /* GLString.h */ = {isa = PBXFileReference; fileEncoding = 4; lastKnownFileType = sourcecode.c.h; path = GLString.h; sourceTree = "<group>"; };
		4A9A3BAC1517252E00607B1A /* GLString.m */ = {isa = PBXFileReference; fileEncoding = 4; lastKnownFileType = sourcecode.c.objc; path = GLString.m; sourceTree = "<group>"; };
		4A9EC91815282ADA009C80FF /* GSAABB.h */ = {isa = PBXFileReference; fileEncoding = 4; lastKnownFileType = sourcecode.c.h; path = GSAABB.h; sourceTree = "<group>"; };
		4A9EC91915282ADA009C80FF /* GSAABB.m */ = {isa = PBXFileReference; fileEncoding = 4; lastKnownFileType = sourcecode.c.objc; path = GSAABB.m; sourceTree = "<group>"; };
		4AC7C9F71559E00000806635 /* GSCube.h */ = {isa = PBXFileReference; fileEncoding = 4; lastKnownFileType = sourcecode.c.h; path = GSCube.h; sourceTree = "<group>"; };
		4AC7C9F81559E00000806635 /* GSCube.m */ = {isa = PBXFileReference; fileEncoding = 4; lastKnownFileType = sourcecode.c.objc; path = GSCube.m; sourceTree = "<group>"; };
		4ACB9C271527CF45005D50B8 /* GSRay.h */ = {isa = PBXFileReference; fileEncoding = 4; lastKnownFileType = sourcecode.c.h; path = GSRay.h; sourceTree = "<group>"; };
		4ACB9C291527CF50005D50B8 /* GSRay.c */ = {isa = PBXFileReference; fileEncoding = 4; lastKnownFileType = sourcecode.c.c; path = GSRay.c; sourceTree = "<group>"; usesTabs = 1; };
		4AD9531815142AA000C2AF8E /* OpenGL.framework */ = {isa = PBXFileReference; lastKnownFileType = wrapper.framework; name = OpenGL.framework; path = ../../../../../System/Library/Frameworks/OpenGL.framework; sourceTree = "<group>"; };
		4AD9531B15142B1800C2AF8E /* GSOpenGLView.h */ = {isa = PBXFileReference; fileEncoding = 4; lastKnownFileType = sourcecode.c.h; path = GSOpenGLView.h; sourceTree = "<group>"; };
		4AD9531C15142B1800C2AF8E /* GSOpenGLView.m */ = {isa = PBXFileReference; fileEncoding = 4; lastKnownFileType = sourcecode.c.objc; path = GSOpenGLView.m; sourceTree = "<group>"; };
		4AE4E550153B982100FC3047 /* GSVertex.h */ = {isa = PBXFileReference; fileEncoding = 4; lastKnownFileType = sourcecode.c.h; path = GSVertex.h; sourceTree = "<group>"; };
		4AE4E551153B982100FC3047 /* GSVertex.m */ = {isa = PBXFileReference; fileEncoding = 4; lastKnownFileType = sourcecode.c.objc; path = GSVertex.m; sourceTree = "<group>"; };
		AC154883152C04EF00434374 /* GSBoxedVector.h */ = {isa = PBXFileReference; fileEncoding = 4; lastKnownFileType = sourcecode.c.h; path = GSBoxedVector.h; sourceTree = "<group>"; };
		AC154884152C04EF00434374 /* GSBoxedVector.m */ = {isa = PBXFileReference; fileEncoding = 4; lastKnownFileType = sourcecode.c.objc; path = GSBoxedVector.m; sourceTree = "<group>"; };
		AC202CBF151E437C00D91067 /* GSFrustum.h */ = {isa = PBXFileReference; fileEncoding = 4; lastKnownFileType = sourcecode.c.h; path = GSFrustum.h; sourceTree = "<group>"; };
		AC202CC0151E437C00D91067 /* GSFrustum.m */ = {isa = PBXFileReference; fileEncoding = 4; lastKnownFileType = sourcecode.c.objc; path = GSFrustum.m; sourceTree = "<group>"; };
		AC202CC3151E453100D91067 /* GSPlane.h */ = {isa = PBXFileReference; fileEncoding = 4; lastKnownFileType = sourcecode.c.h; path = GSPlane.h; sourceTree = "<group>"; };
		AC202CC4151E453E00D91067 /* GSPlane.c */ = {isa = PBXFileReference; fileEncoding = 4; lastKnownFileType = sourcecode.c.c; path = GSPlane.c; sourceTree = "<group>"; };
		AC3767A0163DFB4000BAE03F /* GutsyStormErrorCodes.h */ = {isa = PBXFileReference; fileEncoding = 4; lastKnownFileType = sourcecode.c.h; path = GutsyStormErrorCodes.h; sourceTree = "<group>"; };
		AC3767A1163DFB4000BAE03F /* GutsyStormErrorCodes.m */ = {isa = PBXFileReference; fileEncoding = 4; lastKnownFileType = sourcecode.c.objc; path = GutsyStormErrorCodes.m; sourceTree = "<group>"; };
		AC3767A4163DFD4100BAE03F /* GSTerrain.h */ = {isa = PBXFileReference; fileEncoding = 4; lastKnownFileType = sourcecode.c.h; path = GSTerrain.h; sourceTree = "<group>"; };
		AC3767A5163DFD4200BAE03F /* GSTerrain.m */ = {isa = PBXFileReference; fileEncoding = 4; lastKnownFileType = sourcecode.c.objc; path = GSTerrain.m; sourceTree = "<group>"; };
		AC3767A8163E053400BAE03F /* GSTerrainCursor.h */ = {isa = PBXFileReference; fileEncoding = 4; lastKnownFileType = sourcecode.c.h; path = GSTerrainCursor.h; sourceTree = "<group>"; };
		AC3767A9163E053400BAE03F /* GSTerrainCursor.m */ = {isa = PBXFileReference; fileEncoding = 4; lastKnownFileType = sourcecode.c.objc; path = GSTerrainCursor.m; sourceTree = "<group>"; };
		AC3EF785161030DD00323C25 /* GSGrid.h */ = {isa = PBXFileReference; fileEncoding = 4; lastKnownFileType = sourcecode.c.h; path = GSGrid.h; sourceTree = "<group>"; };
		AC3EF786161030DD00323C25 /* GSGrid.m */ = {isa = PBXFileReference; fileEncoding = 4; lastKnownFileType = sourcecode.c.objc; path = GSGrid.m; sourceTree = "<group>"; };
		AC5B27FE151DC7BA0045B6E4 /* GSNoise.h */ = {isa = PBXFileReference; fileEncoding = 4; lastKnownFileType = sourcecode.c.h; path = GSNoise.h; sourceTree = "<group>"; };
		AC5B27FF151DC7BA0045B6E4 /* GSNoise.m */ = {isa = PBXFileReference; fileEncoding = 4; lastKnownFileType = sourcecode.c.objc; path = GSNoise.m; sourceTree = "<group>"; };
		AC5B2802151E2C1D0045B6E4 /* GSChunkStore.h */ = {isa = PBXFileReference; fileEncoding = 4; lastKnownFileType = sourcecode.c.h; path = GSChunkStore.h; sourceTree = "<group>"; };
		AC5B2803151E2C1D0045B6E4 /* GSChunkStore.m */ = {isa = PBXFileReference; fileEncoding = 4; lastKnownFileType = sourcecode.c.objc; path = GSChunkStore.m; sourceTree = "<group>"; };
		AC68358B1613F20F0063AAFC /* GutsyStorm.entitlements */ = {isa = PBXFileReference; lastKnownFileType = text.xml; path = GutsyStorm.entitlements; sourceTree = "<group>"; };
		AC96B177168CF2A500FF7FFC /* GSBlockMeshCube.h */ = {isa = PBXFileReference; fileEncoding = 4; lastKnownFileType = sourcecode.c.h; path = GSBlockMeshCube.h; sourceTree = "<group>"; };
		AC96B178168CF2A500FF7FFC /* GSBlockMeshCube.m */ = {isa = PBXFileReference; fileEncoding = 4; lastKnownFileType = sourcecode.c.objc; path = GSBlockMeshCube.m; sourceTree = "<group>"; };
		AC96B17B168CF73800FF7FFC /* GSBlockMeshEmpty.h */ = {isa = PBXFileReference; fileEncoding = 4; lastKnownFileType = sourcecode.c.h; path = GSBlockMeshEmpty.h; sourceTree = "<group>"; };
		AC96B17C168CF73800FF7FFC /* GSBlockMeshEmpty.m */ = {isa = PBXFileReference; fileEncoding = 4; lastKnownFileType = sourcecode.c.objc; path = GSBlockMeshEmpty.m; sourceTree = "<group>"; };
		AC9CCD6E1519A90E0081964D /* GSShader.h */ = {isa = PBXFileReference; fileEncoding = 4; lastKnownFileType = sourcecode.c.h; path = GSShader.h; sourceTree = "<group>"; };
		AC9CCD6F1519A90E0081964D /* GSShader.m */ = {isa = PBXFileReference; fileEncoding = 4; lastKnownFileType = sourcecode.c.objc; path = GSShader.m; sourceTree = "<group>"; };
		AC9CCD721519B8AA0081964D /* shader.frag.txt */ = {isa = PBXFileReference; fileEncoding = 4; lastKnownFileType = text; path = shader.frag.txt; sourceTree = "<group>"; };
		AC9CCD731519B8AA0081964D /* shader.vert.txt */ = {isa = PBXFileReference; fileEncoding = 4; lastKnownFileType = text; path = shader.vert.txt; sourceTree = "<group>"; };
		ACA913FC1609949700D14625 /* GSLightingBuffer.h */ = {isa = PBXFileReference; fileEncoding = 4; lastKnownFileType = sourcecode.c.h; path = GSLightingBuffer.h; sourceTree = "<group>"; };
		ACA913FD1609949800D14625 /* GSLightingBuffer.m */ = {isa = PBXFileReference; fileEncoding = 4; lastKnownFileType = sourcecode.c.objc; path = GSLightingBuffer.m; sourceTree = "<group>"; };
		ACD9802B168B7CDB0019FA24 /* GSBlockMesh.h */ = {isa = PBXFileReference; fileEncoding = 4; lastKnownFileType = sourcecode.c.h; path = GSBlockMesh.h; sourceTree = "<group>"; };
		ACE787651686E90E00FBC792 /* GLKit.framework */ = {isa = PBXFileReference; lastKnownFileType = wrapper.framework; name = GLKit.framework; path = System/Library/Frameworks/GLKit.framework; sourceTree = SDKROOT; };
		ACE99D6F151FE922006055F6 /* snoise3.c */ = {isa = PBXFileReference; fileEncoding = 4; lastKnownFileType = sourcecode.c.c; path = snoise3.c; sourceTree = "<group>"; };
		ACE99D72151FED59006055F6 /* snoise3.h */ = {isa = PBXFileReference; fileEncoding = 4; lastKnownFileType = sourcecode.c.h; path = snoise3.h; sourceTree = "<group>"; };
		ACF27AFE151AE27E009FCAB9 /* GSTextureArray.h */ = {isa = PBXFileReference; fileEncoding = 4; lastKnownFileType = sourcecode.c.h; path = GSTextureArray.h; sourceTree = "<group>"; };
		ACF27AFF151AE27E009FCAB9 /* GSTextureArray.m */ = {isa = PBXFileReference; fileEncoding = 4; lastKnownFileType = sourcecode.c.objc; path = GSTextureArray.m; sourceTree = "<group>"; };
		ACF27B02151AE486009FCAB9 /* terrain.png */ = {isa = PBXFileReference; lastKnownFileType = image.png; path = terrain.png; sourceTree = "<group>"; };
/* End PBXFileReference section */

/* Begin PBXFrameworksBuildPhase section */
		4A2CCFEF1513C3FC006C6551 /* Frameworks */ = {
			isa = PBXFrameworksBuildPhase;
			buildActionMask = 2147483647;
			files = (
				ACE787661686E90E00FBC792 /* GLKit.framework in Frameworks */,
				4A2CCFF71513C3FC006C6551 /* Cocoa.framework in Frameworks */,
				4AD9531915142AA000C2AF8E /* OpenGL.framework in Frameworks */,
				1338A2DA15B792C800663E28 /* CoreVideo.framework in Frameworks */,
			);
			runOnlyForDeploymentPostprocessing = 0;
		};
/* End PBXFrameworksBuildPhase section */

/* Begin PBXGroup section */
		4A2310C8153E1BE000A4EBE6 /* Terrain */ = {
			isa = PBXGroup;
			children = (
				13C8BE181602854300403815 /* Voxel.h */,
				AC3767A4163DFD4100BAE03F /* GSTerrain.h */,
				AC3767A5163DFD4200BAE03F /* GSTerrain.m */,
				AC3767A7163E04E100BAE03F /* Terrain Internals */,
			);
			name = Terrain;
			sourceTree = "<group>";
		};
		4A2CCFE71513C3FC006C6551 = {
			isa = PBXGroup;
			children = (
				4A2CCFFC1513C3FC006C6551 /* GutsyStorm */,
				4A2CCFF31513C3FC006C6551 /* Products */,
			);
			sourceTree = "<group>";
		};
		4A2CCFF31513C3FC006C6551 /* Products */ = {
			isa = PBXGroup;
			children = (
				4A2CCFF21513C3FC006C6551 /* GutsyStorm.app */,
			);
			name = Products;
			sourceTree = "<group>";
		};
		4A2CCFF51513C3FC006C6551 /* Frameworks */ = {
			isa = PBXGroup;
			children = (
				4A2CCFF61513C3FC006C6551 /* Cocoa.framework */,
				4A2CCFF81513C3FC006C6551 /* Other Frameworks */,
			);
			name = Frameworks;
			path = ..;
			sourceTree = "<group>";
		};
		4A2CCFF81513C3FC006C6551 /* Other Frameworks */ = {
			isa = PBXGroup;
			children = (
				ACE787651686E90E00FBC792 /* GLKit.framework */,
				1338A2D915B792C800663E28 /* CoreVideo.framework */,
				4AD9531815142AA000C2AF8E /* OpenGL.framework */,
				4A2CCFF91513C3FC006C6551 /* AppKit.framework */,
				4A2CCFFA1513C3FC006C6551 /* CoreData.framework */,
				4A2CCFFB1513C3FC006C6551 /* Foundation.framework */,
			);
			name = "Other Frameworks";
			sourceTree = "<group>";
		};
		4A2CCFFC1513C3FC006C6551 /* GutsyStorm */ = {
			isa = PBXGroup;
			children = (
				AC68358B1613F20F0063AAFC /* GutsyStorm.entitlements */,
				AC3767A0163DFB4000BAE03F /* GutsyStormErrorCodes.h */,
				AC3767A1163DFB4000BAE03F /* GutsyStormErrorCodes.m */,
				4AC7C9F71559E00000806635 /* GSCube.h */,
				4AC7C9F81559E00000806635 /* GSCube.m */,
				ACE99D72151FED59006055F6 /* snoise3.h */,
				ACE99D6F151FE922006055F6 /* snoise3.c */,
				AC5B27FE151DC7BA0045B6E4 /* GSNoise.h */,
				AC5B27FF151DC7BA0045B6E4 /* GSNoise.m */,
				4A9A3BA41517200E00607B1A /* GSCamera.h */,
				4A9A3BA51517200E00607B1A /* GSCamera.m */,
				4AD9531B15142B1800C2AF8E /* GSOpenGLView.h */,
				4AD9531C15142B1800C2AF8E /* GSOpenGLView.m */,
				4A2CD0081513C3FC006C6551 /* GSAppDelegate.h */,
				4A2CD0091513C3FC006C6551 /* GSAppDelegate.m */,
				4A95D39D154645920042C081 /* GSReaderWriterLock.h */,
				4A95D39E154645920042C081 /* GSReaderWriterLock.m */,
				4A2CD00B1513C3FD006C6551 /* MainMenu.xib */,
				4A2310C8153E1BE000A4EBE6 /* Terrain */,
				AC202CC7151E57BD00D91067 /* OpenGL Wrapper */,
				AC202CC6151E57A000D91067 /* 3D Math */,
				4A2CCFF51513C3FC006C6551 /* Frameworks */,
				4A2CCFFD1513C3FC006C6551 /* Supporting Files */,
			);
			path = GutsyStorm;
			sourceTree = "<group>";
		};
		4A2CCFFD1513C3FC006C6551 /* Supporting Files */ = {
			isa = PBXGroup;
			children = (
				ACF27B02151AE486009FCAB9 /* terrain.png */,
				ACB67D81152D8804005D3144 /* Shaders */,
				4A2CCFFE1513C3FC006C6551 /* GutsyStorm-Info.plist */,
				4A2CCFFF1513C3FC006C6551 /* InfoPlist.strings */,
				4A2CD0021513C3FC006C6551 /* main.m */,
				4A2CD0041513C3FC006C6551 /* GutsyStorm-Prefix.pch */,
				4A2CD0051513C3FC006C6551 /* Credits.rtf */,
			);
			name = "Supporting Files";
			sourceTree = "<group>";
		};
		AC202CC6151E57A000D91067 /* 3D Math */ = {
			isa = PBXGroup;
			children = (
				AC154883152C04EF00434374 /* GSBoxedVector.h */,
				AC154884152C04EF00434374 /* GSBoxedVector.m */,
				4A9EC91815282ADA009C80FF /* GSAABB.h */,
				4A9EC91915282ADA009C80FF /* GSAABB.m */,
				4ACB9C271527CF45005D50B8 /* GSRay.h */,
				4ACB9C291527CF50005D50B8 /* GSRay.c */,
				AC202CBF151E437C00D91067 /* GSFrustum.h */,
				AC202CC0151E437C00D91067 /* GSFrustum.m */,
				AC202CC3151E453100D91067 /* GSPlane.h */,
				AC202CC4151E453E00D91067 /* GSPlane.c */,
				4A4E20751516B07E008745E0 /* GLKVector3Extra.h */,
				4A4E20761516B086008745E0 /* GLKVector3Extra.c */,
				4A1F6E51153F6F6100D194AE /* GSIntegerVector3.h */,
			);
			name = "3D Math";
			sourceTree = "<group>";
		};
		AC202CC7151E57BD00D91067 /* OpenGL Wrapper */ = {
			isa = PBXGroup;
			children = (
				4AE4E550153B982100FC3047 /* GSVertex.h */,
				4AE4E551153B982100FC3047 /* GSVertex.m */,
				4A99BE291528244800F2ECDC /* GSRenderTexture.h */,
				4A99BE2A1528244800F2ECDC /* GSRenderTexture.m */,
				ACF27AFE151AE27E009FCAB9 /* GSTextureArray.h */,
				ACF27AFF151AE27E009FCAB9 /* GSTextureArray.m */,
				AC9CCD6E1519A90E0081964D /* GSShader.h */,
				AC9CCD6F1519A90E0081964D /* GSShader.m */,
				4A9A3BAB1517252E00607B1A /* GLString.h */,
				4A9A3BAC1517252E00607B1A /* GLString.m */,
			);
			name = "OpenGL Wrapper";
			sourceTree = "<group>";
		};
		AC3767A7163E04E100BAE03F /* Terrain Internals */ = {
			isa = PBXGroup;
			children = (
				AC3767A8163E053400BAE03F /* GSTerrainCursor.h */,
				AC3767A9163E053400BAE03F /* GSTerrainCursor.m */,
				13C8BE161602854300403815 /* GSNeighborhood.h */,
				13C8BE171602854300403815 /* GSNeighborhood.m */,
				ACA913FC1609949700D14625 /* GSLightingBuffer.h */,
				ACA913FD1609949800D14625 /* GSLightingBuffer.m */,
				4A2310C5153E112900A4EBE6 /* GSChunkData.h */,
				4A2310C6153E112900A4EBE6 /* GSChunkData.m */,
				4A2310BE153E10F100A4EBE6 /* GSChunkVoxelData.h */,
				4A2310BF153E10F100A4EBE6 /* GSChunkVoxelData.m */,
				ACD9802B168B7CDB0019FA24 /* GSBlockMesh.h */,
				AC96B17B168CF73800FF7FFC /* GSBlockMeshEmpty.h */,
				AC96B17C168CF73800FF7FFC /* GSBlockMeshEmpty.m */,
				AC96B177168CF2A500FF7FFC /* GSBlockMeshCube.h */,
				AC96B178168CF2A500FF7FFC /* GSBlockMeshCube.m */,
				4A2310C2153E110400A4EBE6 /* GSChunkGeometryData.h */,
				4A2310C3153E110400A4EBE6 /* GSChunkGeometryData.m */,
				13C8BE1B16038DC000403815 /* GSActiveRegion.h */,
				13C8BE1C16038DC000403815 /* GSActiveRegion.m */,
				AC3EF785161030DD00323C25 /* GSGrid.h */,
				AC3EF786161030DD00323C25 /* GSGrid.m */,
				AC5B2802151E2C1D0045B6E4 /* GSChunkStore.h */,
				AC5B2803151E2C1D0045B6E4 /* GSChunkStore.m */,
			);
			name = "Terrain Internals";
			sourceTree = "<group>";
		};
		ACB67D81152D8804005D3144 /* Shaders */ = {
			isa = PBXGroup;
			children = (
				AC9CCD721519B8AA0081964D /* shader.frag.txt */,
				AC9CCD731519B8AA0081964D /* shader.vert.txt */,
			);
			name = Shaders;
			sourceTree = "<group>";
		};
/* End PBXGroup section */

/* Begin PBXNativeTarget section */
		4A2CCFF11513C3FC006C6551 /* GutsyStorm */ = {
			isa = PBXNativeTarget;
			buildConfigurationList = 4A2CD0101513C3FD006C6551 /* Build configuration list for PBXNativeTarget "GutsyStorm" */;
			buildPhases = (
				4A2CCFEE1513C3FC006C6551 /* Sources */,
				4A2CCFEF1513C3FC006C6551 /* Frameworks */,
				4A2CCFF01513C3FC006C6551 /* Resources */,
			);
			buildRules = (
			);
			dependencies = (
			);
			name = GutsyStorm;
			productName = GutsyStorm;
			productReference = 4A2CCFF21513C3FC006C6551 /* GutsyStorm.app */;
			productType = "com.apple.product-type.application";
		};
/* End PBXNativeTarget section */

/* Begin PBXProject section */
		4A2CCFE91513C3FC006C6551 /* Project object */ = {
			isa = PBXProject;
			attributes = {
				LastUpgradeCheck = 0450;
				ORGANIZATIONNAME = "Andrew Fox";
			};
			buildConfigurationList = 4A2CCFEC1513C3FC006C6551 /* Build configuration list for PBXProject "GutsyStorm" */;
			compatibilityVersion = "Xcode 3.2";
			developmentRegion = English;
			hasScannedForEncodings = 0;
			knownRegions = (
				en,
			);
			mainGroup = 4A2CCFE71513C3FC006C6551;
			productRefGroup = 4A2CCFF31513C3FC006C6551 /* Products */;
			projectDirPath = "";
			projectRoot = "";
			targets = (
				4A2CCFF11513C3FC006C6551 /* GutsyStorm */,
			);
		};
/* End PBXProject section */

/* Begin PBXResourcesBuildPhase section */
		4A2CCFF01513C3FC006C6551 /* Resources */ = {
			isa = PBXResourcesBuildPhase;
			buildActionMask = 2147483647;
			files = (
				4A2CD0011513C3FC006C6551 /* InfoPlist.strings in Resources */,
				4A2CD0071513C3FC006C6551 /* Credits.rtf in Resources */,
				4A2CD00D1513C3FD006C6551 /* MainMenu.xib in Resources */,
				AC9CCD741519B8AA0081964D /* shader.frag.txt in Resources */,
				AC9CCD751519B8AA0081964D /* shader.vert.txt in Resources */,
				ACF27B03151AE486009FCAB9 /* terrain.png in Resources */,
			);
			runOnlyForDeploymentPostprocessing = 0;
		};
/* End PBXResourcesBuildPhase section */

/* Begin PBXSourcesBuildPhase section */
		4A2CCFEE1513C3FC006C6551 /* Sources */ = {
			isa = PBXSourcesBuildPhase;
			buildActionMask = 2147483647;
			files = (
				4A2CD0031513C3FC006C6551 /* main.m in Sources */,
				4A4E20771516B086008745E0 /* GLKVector3Extra.c in Sources */,
				4A2CD00A1513C3FC006C6551 /* GSAppDelegate.m in Sources */,
				4AD9531D15142B1800C2AF8E /* GSOpenGLView.m in Sources */,
				4A9A3BA61517200E00607B1A /* GSCamera.m in Sources */,
				4A9A3BAD1517252E00607B1A /* GLString.m in Sources */,
				AC9CCD701519A90E0081964D /* GSShader.m in Sources */,
				ACF27B00151AE27E009FCAB9 /* GSTextureArray.m in Sources */,
				AC5B2800151DC7BB0045B6E4 /* GSNoise.m in Sources */,
				AC5B2804151E2C1D0045B6E4 /* GSChunkStore.m in Sources */,
				AC202CC1151E437C00D91067 /* GSFrustum.m in Sources */,
				AC202CC5151E453E00D91067 /* GSPlane.c in Sources */,
				ACE99D70151FE922006055F6 /* snoise3.c in Sources */,
				4ACB9C2A1527CF50005D50B8 /* GSRay.c in Sources */,
				4A99BE2B1528244800F2ECDC /* GSRenderTexture.m in Sources */,
				4A9EC91A15282ADA009C80FF /* GSAABB.m in Sources */,
				AC154885152C04EF00434374 /* GSBoxedVector.m in Sources */,
				4AE4E552153B982100FC3047 /* GSVertex.m in Sources */,
				4A2310C0153E10F100A4EBE6 /* GSChunkVoxelData.m in Sources */,
				4A2310C4153E110400A4EBE6 /* GSChunkGeometryData.m in Sources */,
				4A2310C7153E112900A4EBE6 /* GSChunkData.m in Sources */,
				4A95D39F154645920042C081 /* GSReaderWriterLock.m in Sources */,
				4AC7C9F91559E00000806635 /* GSCube.m in Sources */,
				13C8BE191602854300403815 /* GSNeighborhood.m in Sources */,
				13C8BE1D16038DC000403815 /* GSActiveRegion.m in Sources */,
				ACA913FE1609949800D14625 /* GSLightingBuffer.m in Sources */,
				AC3EF787161030DE00323C25 /* GSGrid.m in Sources */,
				AC3767A2163DFB4000BAE03F /* GutsyStormErrorCodes.m in Sources */,
				AC3767A6163DFD4200BAE03F /* GSTerrain.m in Sources */,
				AC3767AA163E053400BAE03F /* GSTerrainCursor.m in Sources */,
				AC96B179168CF2A500FF7FFC /* GSBlockMeshCube.m in Sources */,
				AC96B17D168CF73800FF7FFC /* GSBlockMeshEmpty.m in Sources */,
			);
			runOnlyForDeploymentPostprocessing = 0;
		};
/* End PBXSourcesBuildPhase section */

/* Begin PBXVariantGroup section */
		4A2CCFFF1513C3FC006C6551 /* InfoPlist.strings */ = {
			isa = PBXVariantGroup;
			children = (
				4A2CD0001513C3FC006C6551 /* en */,
			);
			name = InfoPlist.strings;
			sourceTree = "<group>";
		};
		4A2CD0051513C3FC006C6551 /* Credits.rtf */ = {
			isa = PBXVariantGroup;
			children = (
				4A2CD0061513C3FC006C6551 /* en */,
			);
			name = Credits.rtf;
			sourceTree = "<group>";
		};
		4A2CD00B1513C3FD006C6551 /* MainMenu.xib */ = {
			isa = PBXVariantGroup;
			children = (
				4A2CD00C1513C3FD006C6551 /* en */,
			);
			name = MainMenu.xib;
			sourceTree = "<group>";
		};
/* End PBXVariantGroup section */

/* Begin XCBuildConfiguration section */
		4A2CD00E1513C3FD006C6551 /* Debug */ = {
			isa = XCBuildConfiguration;
			buildSettings = {
				ALWAYS_SEARCH_USER_PATHS = NO;
				ARCHS = "$(ARCHS_STANDARD_64_BIT)";
				COPY_PHASE_STRIP = NO;
				GCC_C_LANGUAGE_STANDARD = gnu99;
				GCC_DYNAMIC_NO_PIC = NO;
				GCC_ENABLE_OBJC_EXCEPTIONS = YES;
				GCC_OPTIMIZATION_LEVEL = 0;
				GCC_PREPROCESSOR_DEFINITIONS = (
					"DEBUG=1",
					"$(inherited)",
				);
				GCC_SYMBOLS_PRIVATE_EXTERN = NO;
				GCC_VERSION = com.apple.compilers.llvm.clang.1_0;
				GCC_WARN_64_TO_32_BIT_CONVERSION = YES;
				GCC_WARN_ABOUT_MISSING_PROTOTYPES = YES;
				GCC_WARN_ABOUT_RETURN_TYPE = YES;
				GCC_WARN_UNUSED_VARIABLE = YES;
				MACOSX_DEPLOYMENT_TARGET = 10.7;
				ONLY_ACTIVE_ARCH = YES;
				SDKROOT = macosx;
			};
			name = Debug;
		};
		4A2CD00F1513C3FD006C6551 /* Release */ = {
			isa = XCBuildConfiguration;
			buildSettings = {
				ALWAYS_SEARCH_USER_PATHS = NO;
				ARCHS = "$(ARCHS_STANDARD_64_BIT)";
				COPY_PHASE_STRIP = YES;
				DEBUG_INFORMATION_FORMAT = "dwarf-with-dsym";
				GCC_C_LANGUAGE_STANDARD = gnu99;
				GCC_ENABLE_OBJC_EXCEPTIONS = YES;
				GCC_VERSION = com.apple.compilers.llvm.clang.1_0;
				GCC_WARN_64_TO_32_BIT_CONVERSION = YES;
				GCC_WARN_ABOUT_MISSING_PROTOTYPES = YES;
				GCC_WARN_ABOUT_RETURN_TYPE = YES;
				GCC_WARN_UNUSED_VARIABLE = YES;
				MACOSX_DEPLOYMENT_TARGET = 10.7;
				SDKROOT = macosx;
			};
			name = Release;
		};
		4A2CD0111513C3FD006C6551 /* Debug */ = {
			isa = XCBuildConfiguration;
			buildSettings = {
				CODE_SIGN_ENTITLEMENTS = GutsyStorm/GutsyStorm.entitlements;
				COMBINE_HIDPI_IMAGES = YES;
				GCC_PRECOMPILE_PREFIX_HEADER = YES;
				GCC_PREFIX_HEADER = "GutsyStorm/GutsyStorm-Prefix.pch";
				INFOPLIST_FILE = "GutsyStorm/GutsyStorm-Info.plist";
				MACOSX_DEPLOYMENT_TARGET = 10.7;
				PRODUCT_NAME = "$(TARGET_NAME)";
				WRAPPER_EXTENSION = app;
			};
			name = Debug;
		};
		4A2CD0121513C3FD006C6551 /* Release */ = {
			isa = XCBuildConfiguration;
			buildSettings = {
				CODE_SIGN_ENTITLEMENTS = GutsyStorm/GutsyStorm.entitlements;
				COMBINE_HIDPI_IMAGES = YES;
				GCC_PRECOMPILE_PREFIX_HEADER = YES;
				GCC_PREFIX_HEADER = "GutsyStorm/GutsyStorm-Prefix.pch";
				"GCC_PREPROCESSOR_DEFINITIONS[arch=*]" = "NDEBUG=1";
				INFOPLIST_FILE = "GutsyStorm/GutsyStorm-Info.plist";
				MACOSX_DEPLOYMENT_TARGET = 10.7;
				PRODUCT_NAME = "$(TARGET_NAME)";
				WRAPPER_EXTENSION = app;
			};
			name = Release;
		};
/* End XCBuildConfiguration section */

/* Begin XCConfigurationList section */
		4A2CCFEC1513C3FC006C6551 /* Build configuration list for PBXProject "GutsyStorm" */ = {
			isa = XCConfigurationList;
			buildConfigurations = (
				4A2CD00E1513C3FD006C6551 /* Debug */,
				4A2CD00F1513C3FD006C6551 /* Release */,
			);
			defaultConfigurationIsVisible = 0;
			defaultConfigurationName = Release;
		};
		4A2CD0101513C3FD006C6551 /* Build configuration list for PBXNativeTarget "GutsyStorm" */ = {
			isa = XCConfigurationList;
			buildConfigurations = (
				4A2CD0111513C3FD006C6551 /* Debug */,
				4A2CD0121513C3FD006C6551 /* Release */,
			);
			defaultConfigurationIsVisible = 0;
			defaultConfigurationName = Release;
		};
/* End XCConfigurationList section */
	};
	rootObject = 4A2CCFE91513C3FC006C6551 /* Project object */;
}
